
Microsoft Visual Studio Solution File, Format Version 12.00
# Visual Studio Version 17
VisualStudioVersion = 17.1.32328.378
MinimumVisualStudioVersion = 10.0.40219.1
Project("{FAE04EC0-301F-11D3-BF4B-00C04F79EFBC}") = "AdventOfCode", "AdventOfCode\AdventOfCode.csproj", "{8D663712-3E44-4603-881A-DDFBF79AD62E}"
EndProject
Global
	GlobalSection(SolutionConfigurationPlatforms) = preSolution
		Debug|Any CPU = Debug|Any CPU
		Release|Any CPU = Release|Any CPU
	EndGlobalSection
	GlobalSection(ProjectConfigurationPlatforms) = postSolution
		{8D663712-3E44-4603-881A-DDFBF79AD62E}.Debug|Any CPU.ActiveCfg = Debug|Any CPU
		{8D663712-3E44-4603-881A-DDFBF79AD62E}.Debug|Any CPU.Build.0 = Debug|Any CPU
		{8D663712-3E44-4603-881A-DDFBF79AD62E}.Release|Any CPU.ActiveCfg = Release|Any CPU
		{8D663712-3E44-4603-881A-DDFBF79AD62E}.Release|Any CPU.Build.0 = Release|Any CPU
	EndGlobalSection
	GlobalSection(SolutionProperties) = preSolution
		HideSolutionNode = FALSE
	EndGlobalSection
	GlobalSection(ExtensibilityGlobals) = postSolution
		SolutionGuid = {CD229D8D-8814-4E72-905C-1DA53279C8B4}
	EndGlobalSection
EndGlobal
